
Microsoft Visual Studio Solution File, Format Version 12.00
# Visual Studio Version 16
VisualStudioVersion = 16.0.31911.196
MinimumVisualStudioVersion = 10.0.40219.1
Project("{FAE04EC0-301F-11D3-BF4B-00C04F79EFBC}") = "MapSpanIssue.UWP", "MapSpanIssue.UWP\MapSpanIssue.UWP.csproj", "{EA7CDA31-02F2-48FF-B7EC-800B2101C6DF}"
EndProject
Project("{FAE04EC0-301F-11D3-BF4B-00C04F79EFBC}") = "MapSpanIssue.Android", "MapSpanIssue.Android\MapSpanIssue.Android.csproj", "{D70277DB-7292-44CB-9751-89A7F0706B5F}"
EndProject
Project("{FAE04EC0-301F-11D3-BF4B-00C04F79EFBC}") = "MapSpanIssue.iOS", "MapSpanIssue.iOS\MapSpanIssue.iOS.csproj", "{6FD575D9-69F6-4782-93A3-76DABEA04927}"
EndProject
Project("{FAE04EC0-301F-11D3-BF4B-00C04F79EFBC}") = "MapSpanIssue", "MapSpanIssue\MapSpanIssue.csproj", "{A0D72A4D-A286-48D7-9CBA-55D0F40D19F8}"
EndProject
Global
	GlobalSection(SolutionConfigurationPlatforms) = preSolution
		Debug|Any CPU = Debug|Any CPU
		Debug|ARM = Debug|ARM
		Debug|iPhone = Debug|iPhone
		Debug|iPhoneSimulator = Debug|iPhoneSimulator
		Debug|x64 = Debug|x64
		Debug|x86 = Debug|x86
		Release|Any CPU = Release|Any CPU
		Release|ARM = Release|ARM
		Release|iPhone = Release|iPhone
		Release|iPhoneSimulator = Release|iPhoneSimulator
		Release|x64 = Release|x64
		Release|x86 = Release|x86
	EndGlobalSection
	GlobalSection(ProjectConfigurationPlatforms) = postSolution
		{EA7CDA31-02F2-48FF-B7EC-800B2101C6DF}.Debug|Any CPU.ActiveCfg = Debug|x86
		{EA7CDA31-02F2-48FF-B7EC-800B2101C6DF}.Debug|Any CPU.Build.0 = Debug|x86
		{EA7CDA31-02F2-48FF-B7EC-800B2101C6DF}.Debug|Any CPU.Deploy.0 = Debug|x86
		{EA7CDA31-02F2-48FF-B7EC-800B2101C6DF}.Debug|ARM.ActiveCfg = Debug|ARM
		{EA7CDA31-02F2-48FF-B7EC-800B2101C6DF}.Debug|ARM.Build.0 = Debug|ARM
		{EA7CDA31-02F2-48FF-B7EC-800B2101C6DF}.Debug|ARM.Deploy.0 = Debug|ARM
		{EA7CDA31-02F2-48FF-B7EC-800B2101C6DF}.Debug|iPhone.ActiveCfg = Debug|x86
		{EA7CDA31-02F2-48FF-B7EC-800B2101C6DF}.Debug|iPhone.Build.0 = Debug|x86
		{EA7CDA31-02F2-48FF-B7EC-800B2101C6DF}.Debug|iPhone.Deploy.0 = Debug|x86
		{EA7CDA31-02F2-48FF-B7EC-800B2101C6DF}.Debug|iPhoneSimulator.ActiveCfg = Debug|x86
		{EA7CDA31-02F2-48FF-B7EC-800B2101C6DF}.Debug|iPhoneSimulator.Build.0 = Debug|x86
		{EA7CDA31-02F2-48FF-B7EC-800B2101C6DF}.Debug|iPhoneSimulator.Deploy.0 = Debug|x86
		{EA7CDA31-02F2-48FF-B7EC-800B2101C6DF}.Debug|x64.ActiveCfg = Debug|x64
		{EA7CDA31-02F2-48FF-B7EC-800B2101C6DF}.Debug|x64.Build.0 = Debug|x64
		{EA7CDA31-02F2-48FF-B7EC-800B2101C6DF}.Debug|x64.Deploy.0 = Debug|x64
		{EA7CDA31-02F2-48FF-B7EC-800B2101C6DF}.Debug|x86.ActiveCfg = Debug|x86
		{EA7CDA31-02F2-48FF-B7EC-800B2101C6DF}.Debug|x86.Build.0 = Debug|x86
		{EA7CDA31-02F2-48FF-B7EC-800B2101C6DF}.Debug|x86.Deploy.0 = Debug|x86
		{EA7CDA31-02F2-48FF-B7EC-800B2101C6DF}.Release|Any CPU.ActiveCfg = Release|x86
		{EA7CDA31-02F2-48FF-B7EC-800B2101C6DF}.Release|Any CPU.Build.0 = Release|x86
		{EA7CDA31-02F2-48FF-B7EC-800B2101C6DF}.Release|Any CPU.Deploy.0 = Release|x86
		{EA7CDA31-02F2-48FF-B7EC-800B2101C6DF}.Release|ARM.ActiveCfg = Release|ARM
		{EA7CDA31-02F2-48FF-B7EC-800B2101C6DF}.Release|ARM.Build.0 = Release|ARM
		{EA7CDA31-02F2-48FF-B7EC-800B2101C6DF}.Release|ARM.Deploy.0 = Release|ARM
		{EA7CDA31-02F2-48FF-B7EC-800B2101C6DF}.Release|iPhone.ActiveCfg = Release|x86
		{EA7CDA31-02F2-48FF-B7EC-800B2101C6DF}.Release|iPhone.Build.0 = Release|x86
		{EA7CDA31-02F2-48FF-B7EC-800B2101C6DF}.Release|iPhone.Deploy.0 = Release|x86
		{EA7CDA31-02F2-48FF-B7EC-800B2101C6DF}.Release|iPhoneSimulator.ActiveCfg = Release|x86
		{EA7CDA31-02F2-48FF-B7EC-800B2101C6DF}.Release|iPhoneSimulator.Build.0 = Release|x86
		{EA7CDA31-02F2-48FF-B7EC-800B2101C6DF}.Release|iPhoneSimulator.Deploy.0 = Release|x86
		{EA7CDA31-02F2-48FF-B7EC-800B2101C6DF}.Release|x64.ActiveCfg = Release|x64
		{EA7CDA31-02F2-48FF-B7EC-800B2101C6DF}.Release|x64.Build.0 = Release|x64
		{EA7CDA31-02F2-48FF-B7EC-800B2101C6DF}.Release|x64.Deploy.0 = Release|x64
		{EA7CDA31-02F2-48FF-B7EC-800B2101C6DF}.Release|x86.ActiveCfg = Release|x86
		{EA7CDA31-02F2-48FF-B7EC-800B2101C6DF}.Release|x86.Build.0 = Release|x86
		{EA7CDA31-02F2-48FF-B7EC-800B2101C6DF}.Release|x86.Deploy.0 = Release|x86
		{D70277DB-7292-44CB-9751-89A7F0706B5F}.Debug|Any CPU.ActiveCfg = Debug|Any CPU
		{D70277DB-7292-44CB-9751-89A7F0706B5F}.Debug|Any CPU.Build.0 = Debug|Any CPU
		{D70277DB-7292-44CB-9751-89A7F0706B5F}.Debug|Any CPU.Deploy.0 = Debug|Any CPU
		{D70277DB-7292-44CB-9751-89A7F0706B5F}.Debug|ARM.ActiveCfg = Debug|Any CPU
		{D70277DB-7292-44CB-9751-89A7F0706B5F}.Debug|ARM.Build.0 = Debug|Any CPU
		{D70277DB-7292-44CB-9751-89A7F0706B5F}.Debug|ARM.Deploy.0 = Debug|Any CPU
		{D70277DB-7292-44CB-9751-89A7F0706B5F}.Debug|iPhone.ActiveCfg = Debug|Any CPU
		{D70277DB-7292-44CB-9751-89A7F0706B5F}.Debug|iPhone.Build.0 = Debug|Any CPU
		{D70277DB-7292-44CB-9751-89A7F0706B5F}.Debug|iPhone.Deploy.0 = Debug|Any CPU
		{D70277DB-7292-44CB-9751-89A7F0706B5F}.Debug|iPhoneSimulator.ActiveCfg = Debug|Any CPU
		{D70277DB-7292-44CB-9751-89A7F0706B5F}.Debug|iPhoneSimulator.Build.0 = Debug|Any CPU
		{D70277DB-7292-44CB-9751-89A7F0706B5F}.Debug|iPhoneSimulator.Deploy.0 = Debug|Any CPU
		{D70277DB-7292-44CB-9751-89A7F0706B5F}.Debug|x64.ActiveCfg = Debug|Any CPU
		{D70277DB-7292-44CB-9751-89A7F0706B5F}.Debug|x64.Build.0 = Debug|Any CPU
		{D70277DB-7292-44CB-9751-89A7F0706B5F}.Debug|x64.Deploy.0 = Debug|Any CPU
		{D70277DB-7292-44CB-9751-89A7F0706B5F}.Debug|x86.ActiveCfg = Debug|Any CPU
		{D70277DB-7292-44CB-9751-89A7F0706B5F}.Debug|x86.Build.0 = Debug|Any CPU
		{D70277DB-7292-44CB-9751-89A7F0706B5F}.Debug|x86.Deploy.0 = Debug|Any CPU
		{D70277DB-7292-44CB-9751-89A7F0706B5F}.Release|Any CPU.ActiveCfg = Release|Any CPU
		{D70277DB-7292-44CB-9751-89A7F0706B5F}.Release|Any CPU.Build.0 = Release|Any CPU
		{D70277DB-7292-44CB-9751-89A7F0706B5F}.Release|Any CPU.Deploy.0 = Release|Any CPU
		{D70277DB-7292-44CB-9751-89A7F0706B5F}.Release|ARM.ActiveCfg = Release|Any CPU
		{D70277DB-7292-44CB-9751-89A7F0706B5F}.Release|ARM.Build.0 = Release|Any CPU
		{D70277DB-7292-44CB-9751-89A7F0706B5F}.Release|ARM.Deploy.0 = Release|Any CPU
		{D70277DB-7292-44CB-9751-89A7F0706B5F}.Release|iPhone.ActiveCfg = Release|Any CPU
		{D70277DB-7292-44CB-9751-89A7F0706B5F}.Release|iPhone.Build.0 = Release|Any CPU
		{D70277DB-7292-44CB-9751-89A7F0706B5F}.Release|iPhone.Deploy.0 = Release|Any CPU
		{D70277DB-7292-44CB-9751-89A7F0706B5F}.Release|iPhoneSimulator.ActiveCfg = Release|Any CPU
		{D70277DB-7292-44CB-9751-89A7F0706B5F}.Release|iPhoneSimulator.Build.0 = Release|Any CPU
		{D70277DB-7292-44CB-9751-89A7F0706B5F}.Release|iPhoneSimulator.Deploy.0 = Release|Any CPU
		{D70277DB-7292-44CB-9751-89A7F0706B5F}.Release|x64.ActiveCfg = Release|Any CPU
		{D70277DB-7292-44CB-9751-89A7F0706B5F}.Release|x64.Build.0 = Release|Any CPU
		{D70277DB-7292-44CB-9751-89A7F0706B5F}.Release|x64.Deploy.0 = Release|Any CPU
		{D70277DB-7292-44CB-9751-89A7F0706B5F}.Release|x86.ActiveCfg = Release|Any CPU
		{D70277DB-7292-44CB-9751-89A7F0706B5F}.Release|x86.Build.0 = Release|Any CPU
		{D70277DB-7292-44CB-9751-89A7F0706B5F}.Release|x86.Deploy.0 = Release|Any CPU
		{6FD575D9-69F6-4782-93A3-76DABEA04927}.Debug|Any CPU.ActiveCfg = Debug|iPhoneSimulator
		{6FD575D9-69F6-4782-93A3-76DABEA04927}.Debug|Any CPU.Build.0 = Debug|iPhoneSimulator
		{6FD575D9-69F6-4782-93A3-76DABEA04927}.Debug|Any CPU.Deploy.0 = Debug|iPhoneSimulator
		{6FD575D9-69F6-4782-93A3-76DABEA04927}.Debug|ARM.ActiveCfg = Debug|iPhone
		{6FD575D9-69F6-4782-93A3-76DABEA04927}.Debug|ARM.Build.0 = Debug|iPhone
		{6FD575D9-69F6-4782-93A3-76DABEA04927}.Debug|ARM.Deploy.0 = Debug|iPhone
		{6FD575D9-69F6-4782-93A3-76DABEA04927}.Debug|iPhone.ActiveCfg = Debug|iPhone
		{6FD575D9-69F6-4782-93A3-76DABEA04927}.Debug|iPhone.Build.0 = Debug|iPhone
		{6FD575D9-69F6-4782-93A3-76DABEA04927}.Debug|iPhone.Deploy.0 = Debug|iPhone
		{6FD575D9-69F6-4782-93A3-76DABEA04927}.Debug|iPhoneSimulator.ActiveCfg = Debug|iPhoneSimulator
		{6FD575D9-69F6-4782-93A3-76DABEA04927}.Debug|iPhoneSimulator.Build.0 = Debug|iPhoneSimulator
		{6FD575D9-69F6-4782-93A3-76DABEA04927}.Debug|iPhoneSimulator.Deploy.0 = Debug|iPhoneSimulator
		{6FD575D9-69F6-4782-93A3-76DABEA04927}.Debug|x64.ActiveCfg = Debug|iPhoneSimulator
		{6FD575D9-69F6-4782-93A3-76DABEA04927}.Debug|x64.Build.0 = Debug|iPhoneSimulator
		{6FD575D9-69F6-4782-93A3-76DABEA04927}.Debug|x64.Deploy.0 = Debug|iPhoneSimulator
		{6FD575D9-69F6-4782-93A3-76DABEA04927}.Debug|x86.ActiveCfg = Debug|iPhoneSimulator
		{6FD575D9-69F6-4782-93A3-76DABEA04927}.Debug|x86.Build.0 = Debug|iPhoneSimulator
		{6FD575D9-69F6-4782-93A3-76DABEA04927}.Debug|x86.Deploy.0 = Debug|iPhoneSimulator
		{6FD575D9-69F6-4782-93A3-76DABEA04927}.Release|Any CPU.ActiveCfg = Release|iPhoneSimulator
		{6FD575D9-69F6-4782-93A3-76DABEA04927}.Release|Any CPU.Build.0 = Release|iPhoneSimulator
		{6FD575D9-69F6-4782-93A3-76DABEA04927}.Release|Any CPU.Deploy.0 = Release|iPhoneSimulator
		{6FD575D9-69F6-4782-93A3-76DABEA04927}.Release|ARM.ActiveCfg = Release|iPhoneSimulator
		{6FD575D9-69F6-4782-93A3-76DABEA04927}.Release|ARM.Build.0 = Release|iPhoneSimulator
		{6FD575D9-69F6-4782-93A3-76DABEA04927}.Release|ARM.Deploy.0 = Release|iPhoneSimulator
		{6FD575D9-69F6-4782-93A3-76DABEA04927}.Release|iPhone.ActiveCfg = Release|iPhone
		{6FD575D9-69F6-4782-93A3-76DABEA04927}.Release|iPhone.Build.0 = Release|iPhone
		{6FD575D9-69F6-4782-93A3-76DABEA04927}.Release|iPhone.Deploy.0 = Release|iPhone
		{6FD575D9-69F6-4782-93A3-76DABEA04927}.Release|iPhoneSimulator.ActiveCfg = Release|iPhoneSimulator
		{6FD575D9-69F6-4782-93A3-76DABEA04927}.Release|iPhoneSimulator.Build.0 = Release|iPhoneSimulator
		{6FD575D9-69F6-4782-93A3-76DABEA04927}.Release|iPhoneSimulator.Deploy.0 = Release|iPhoneSimulator
		{6FD575D9-69F6-4782-93A3-76DABEA04927}.Release|x64.ActiveCfg = Release|iPhoneSimulator
		{6FD575D9-69F6-4782-93A3-76DABEA04927}.Release|x64.Build.0 = Release|iPhoneSimulator
		{6FD575D9-69F6-4782-93A3-76DABEA04927}.Release|x64.Deploy.0 = Release|iPhoneSimulator
		{6FD575D9-69F6-4782-93A3-76DABEA04927}.Release|x86.ActiveCfg = Release|iPhoneSimulator
		{6FD575D9-69F6-4782-93A3-76DABEA04927}.Release|x86.Build.0 = Release|iPhoneSimulator
		{6FD575D9-69F6-4782-93A3-76DABEA04927}.Release|x86.Deploy.0 = Release|iPhoneSimulator
		{A0D72A4D-A286-48D7-9CBA-55D0F40D19F8}.Debug|Any CPU.ActiveCfg = Debug|Any CPU
		{A0D72A4D-A286-48D7-9CBA-55D0F40D19F8}.Debug|Any CPU.Build.0 = Debug|Any CPU
		{A0D72A4D-A286-48D7-9CBA-55D0F40D19F8}.Debug|Any CPU.Deploy.0 = Debug|Any CPU
		{A0D72A4D-A286-48D7-9CBA-55D0F40D19F8}.Debug|ARM.ActiveCfg = Debug|Any CPU
		{A0D72A4D-A286-48D7-9CBA-55D0F40D19F8}.Debug|ARM.Build.0 = Debug|Any CPU
		{A0D72A4D-A286-48D7-9CBA-55D0F40D19F8}.Debug|ARM.Deploy.0 = Debug|Any CPU
		{A0D72A4D-A286-48D7-9CBA-55D0F40D19F8}.Debug|iPhone.ActiveCfg = Debug|Any CPU
		{A0D72A4D-A286-48D7-9CBA-55D0F40D19F8}.Debug|iPhone.Build.0 = Debug|Any CPU
		{A0D72A4D-A286-48D7-9CBA-55D0F40D19F8}.Debug|iPhone.Deploy.0 = Debug|Any CPU
		{A0D72A4D-A286-48D7-9CBA-55D0F40D19F8}.Debug|iPhoneSimulator.ActiveCfg = Debug|Any CPU
		{A0D72A4D-A286-48D7-9CBA-55D0F40D19F8}.Debug|iPhoneSimulator.Build.0 = Debug|Any CPU
		{A0D72A4D-A286-48D7-9CBA-55D0F40D19F8}.Debug|iPhoneSimulator.Deploy.0 = Debug|Any CPU
		{A0D72A4D-A286-48D7-9CBA-55D0F40D19F8}.Debug|x64.ActiveCfg = Debug|Any CPU
		{A0D72A4D-A286-48D7-9CBA-55D0F40D19F8}.Debug|x64.Build.0 = Debug|Any CPU
		{A0D72A4D-A286-48D7-9CBA-55D0F40D19F8}.Debug|x64.Deploy.0 = Debug|Any CPU
		{A0D72A4D-A286-48D7-9CBA-55D0F40D19F8}.Debug|x86.ActiveCfg = Debug|Any CPU
		{A0D72A4D-A286-48D7-9CBA-55D0F40D19F8}.Debug|x86.Build.0 = Debug|Any CPU
		{A0D72A4D-A286-48D7-9CBA-55D0F40D19F8}.Debug|x86.Deploy.0 = Debug|Any CPU
		{A0D72A4D-A286-48D7-9CBA-55D0F40D19F8}.Release|Any CPU.ActiveCfg = Release|Any CPU
		{A0D72A4D-A286-48D7-9CBA-55D0F40D19F8}.Release|Any CPU.Build.0 = Release|Any CPU
		{A0D72A4D-A286-48D7-9CBA-55D0F40D19F8}.Release|Any CPU.Deploy.0 = Release|Any CPU
		{A0D72A4D-A286-48D7-9CBA-55D0F40D19F8}.Release|ARM.ActiveCfg = Release|Any CPU
		{A0D72A4D-A286-48D7-9CBA-55D0F40D19F8}.Release|ARM.Build.0 = Release|Any CPU
		{A0D72A4D-A286-48D7-9CBA-55D0F40D19F8}.Release|ARM.Deploy.0 = Release|Any CPU
		{A0D72A4D-A286-48D7-9CBA-55D0F40D19F8}.Release|iPhone.ActiveCfg = Release|Any CPU
		{A0D72A4D-A286-48D7-9CBA-55D0F40D19F8}.Release|iPhone.Build.0 = Release|Any CPU
		{A0D72A4D-A286-48D7-9CBA-55D0F40D19F8}.Release|iPhone.Deploy.0 = Release|Any CPU
		{A0D72A4D-A286-48D7-9CBA-55D0F40D19F8}.Release|iPhoneSimulator.ActiveCfg = Release|Any CPU
		{A0D72A4D-A286-48D7-9CBA-55D0F40D19F8}.Release|iPhoneSimulator.Build.0 = Release|Any CPU
		{A0D72A4D-A286-48D7-9CBA-55D0F40D19F8}.Release|iPhoneSimulator.Deploy.0 = Release|Any CPU
		{A0D72A4D-A286-48D7-9CBA-55D0F40D19F8}.Release|x64.ActiveCfg = Release|Any CPU
		{A0D72A4D-A286-48D7-9CBA-55D0F40D19F8}.Release|x64.Build.0 = Release|Any CPU
		{A0D72A4D-A286-48D7-9CBA-55D0F40D19F8}.Release|x64.Deploy.0 = Release|Any CPU
		{A0D72A4D-A286-48D7-9CBA-55D0F40D19F8}.Release|x86.ActiveCfg = Release|Any CPU
		{A0D72A4D-A286-48D7-9CBA-55D0F40D19F8}.Release|x86.Build.0 = Release|Any CPU
		{A0D72A4D-A286-48D7-9CBA-55D0F40D19F8}.Release|x86.Deploy.0 = Release|Any CPU
	EndGlobalSection
	GlobalSection(SolutionProperties) = preSolution
		HideSolutionNode = FALSE
	EndGlobalSection
	GlobalSection(ExtensibilityGlobals) = postSolution
		SolutionGuid = {49116CD0-AD56-4BB3-8287-553D7FDF3964}
	EndGlobalSection
EndGlobal
